// !$*UTF8*$!
{
	archiveVersion = 1;
	classes = {
	};
	objectVersion = 46;
	objects = {

/* Begin PBXBuildFile section */
		D2A08CBB13896E8A009659CC /* Cocoa.framework in Frameworks */ = {isa = PBXBuildFile; fileRef = D2C00EE9136F864D002ADF41 /* Cocoa.framework */; };
		D2A08CC113896E8A009659CC /* InfoPlist.strings in Resources */ = {isa = PBXBuildFile; fileRef = D2A08CBF13896E8A009659CC /* InfoPlist.strings */; };
		D2A08CC413896E8A009659CC /* main.m in Sources */ = {isa = PBXBuildFile; fileRef = D2A08CC313896E8A009659CC /* main.m */; };
		D2A08CC713896E8A009659CC /* Credits.rtf in Resources */ = {isa = PBXBuildFile; fileRef = D2A08CC513896E8A009659CC /* Credits.rtf */; };
		D2A08CCA13896E8A009659CC /* AppleToGallery3AppDelegate.m in Sources */ = {isa = PBXBuildFile; fileRef = D2A08CC913896E8A009659CC /* AppleToGallery3AppDelegate.m */; };
		D2A08CCD13896E8A009659CC /* MainMenu.xib in Resources */ = {isa = PBXBuildFile; fileRef = D2A08CCB13896E8A009659CC /* MainMenu.xib */; };
		D2BA094C13879456006250A8 /* AddPhotoQueueItem.m in Sources */ = {isa = PBXBuildFile; fileRef = D2C00F19136F870B002ADF41 /* AddPhotoQueueItem.m */; };
		D2BA094D13879456006250A8 /* GalleryAlbum.m in Sources */ = {isa = PBXBuildFile; fileRef = D2C00F1B136F870B002ADF41 /* GalleryAlbum.m */; };
		D2BA094E13879456006250A8 /* GalleryConnection.m in Sources */ = {isa = PBXBuildFile; fileRef = D2C00F1D136F870B002ADF41 /* GalleryConnection.m */; };
		D2BA094F13879456006250A8 /* GalleryInfo.m in Sources */ = {isa = PBXBuildFile; fileRef = D2C00F21136F870B002ADF41 /* GalleryInfo.m */; };
		D2BA095013879456006250A8 /* RestfulGallery.m in Sources */ = {isa = PBXBuildFile; fileRef = D2C00F23136F870B002ADF41 /* RestfulGallery.m */; };
		D2BA095213879463006250A8 /* NSObject+JSON.m in Sources */ = {isa = PBXBuildFile; fileRef = D2C00EFE136F86E9002ADF41 /* NSObject+JSON.m */; };
		D2BA095313879463006250A8 /* SBJsonParser.m in Sources */ = {isa = PBXBuildFile; fileRef = D2C00F00136F86E9002ADF41 /* SBJsonParser.m */; };
		D2BA095413879463006250A8 /* SBJsonStreamParser.m in Sources */ = {isa = PBXBuildFile; fileRef = D2C00F02136F86E9002ADF41 /* SBJsonStreamParser.m */; };
		D2BA095513879463006250A8 /* SBJsonStreamParserAdapter.m in Sources */ = {isa = PBXBuildFile; fileRef = D2C00F04136F86E9002ADF41 /* SBJsonStreamParserAdapter.m */; };
		D2BA095613879463006250A8 /* SBJsonStreamParserState.m in Sources */ = {isa = PBXBuildFile; fileRef = D2C00F06136F86E9002ADF41 /* SBJsonStreamParserState.m */; };
		D2BA095713879463006250A8 /* SBJsonStreamWriter.m in Sources */ = {isa = PBXBuildFile; fileRef = D2C00F08136F86E9002ADF41 /* SBJsonStreamWriter.m */; };
		D2BA095813879463006250A8 /* SBJsonStreamWriterState.m in Sources */ = {isa = PBXBuildFile; fileRef = D2C00F0A136F86E9002ADF41 /* SBJsonStreamWriterState.m */; };
		D2BA095913879463006250A8 /* SBJsonTokeniser.m in Sources */ = {isa = PBXBuildFile; fileRef = D2C00F0C136F86E9002ADF41 /* SBJsonTokeniser.m */; };
		D2BA095A13879463006250A8 /* SBJsonWriter.m in Sources */ = {isa = PBXBuildFile; fileRef = D2C00F0E136F86E9002ADF41 /* SBJsonWriter.m */; };
		D2BA095C1388347D006250A8 /* QuickTime.framework in Frameworks */ = {isa = PBXBuildFile; fileRef = D2BA095B1388347D006250A8 /* QuickTime.framework */; };
		D2C00EEA136F864D002ADF41 /* Cocoa.framework in Frameworks */ = {isa = PBXBuildFile; fileRef = D2C00EE9136F864D002ADF41 /* Cocoa.framework */; };
		D2C00EF4136F864D002ADF41 /* InfoPlist.strings in Resources */ = {isa = PBXBuildFile; fileRef = D2C00EF2136F864D002ADF41 /* InfoPlist.strings */; };
		D2C00F0F136F86E9002ADF41 /* NSObject+JSON.m in Sources */ = {isa = PBXBuildFile; fileRef = D2C00EFE136F86E9002ADF41 /* NSObject+JSON.m */; };
		D2C00F10136F86E9002ADF41 /* SBJsonParser.m in Sources */ = {isa = PBXBuildFile; fileRef = D2C00F00136F86E9002ADF41 /* SBJsonParser.m */; };
		D2C00F11136F86E9002ADF41 /* SBJsonStreamParser.m in Sources */ = {isa = PBXBuildFile; fileRef = D2C00F02136F86E9002ADF41 /* SBJsonStreamParser.m */; };
		D2C00F12136F86E9002ADF41 /* SBJsonStreamParserAdapter.m in Sources */ = {isa = PBXBuildFile; fileRef = D2C00F04136F86E9002ADF41 /* SBJsonStreamParserAdapter.m */; };
		D2C00F13136F86E9002ADF41 /* SBJsonStreamParserState.m in Sources */ = {isa = PBXBuildFile; fileRef = D2C00F06136F86E9002ADF41 /* SBJsonStreamParserState.m */; };
		D2C00F14136F86E9002ADF41 /* SBJsonStreamWriter.m in Sources */ = {isa = PBXBuildFile; fileRef = D2C00F08136F86E9002ADF41 /* SBJsonStreamWriter.m */; };
		D2C00F15136F86E9002ADF41 /* SBJsonStreamWriterState.m in Sources */ = {isa = PBXBuildFile; fileRef = D2C00F0A136F86E9002ADF41 /* SBJsonStreamWriterState.m */; };
		D2C00F16136F86E9002ADF41 /* SBJsonTokeniser.m in Sources */ = {isa = PBXBuildFile; fileRef = D2C00F0C136F86E9002ADF41 /* SBJsonTokeniser.m */; };
		D2C00F17136F86E9002ADF41 /* SBJsonWriter.m in Sources */ = {isa = PBXBuildFile; fileRef = D2C00F0E136F86E9002ADF41 /* SBJsonWriter.m */; };
		D2C00F27136F870B002ADF41 /* AddPhotoQueueItem.m in Sources */ = {isa = PBXBuildFile; fileRef = D2C00F19136F870B002ADF41 /* AddPhotoQueueItem.m */; };
		D2C00F28136F870B002ADF41 /* GalleryAlbum.m in Sources */ = {isa = PBXBuildFile; fileRef = D2C00F1B136F870B002ADF41 /* GalleryAlbum.m */; };
		D2C00F29136F870B002ADF41 /* GalleryConnection.m in Sources */ = {isa = PBXBuildFile; fileRef = D2C00F1D136F870B002ADF41 /* GalleryConnection.m */; };
		D2C00F2B136F870B002ADF41 /* GalleryInfo.m in Sources */ = {isa = PBXBuildFile; fileRef = D2C00F21136F870B002ADF41 /* GalleryInfo.m */; };
		D2C00F2C136F870B002ADF41 /* RestfulGallery.m in Sources */ = {isa = PBXBuildFile; fileRef = D2C00F23136F870B002ADF41 /* RestfulGallery.m */; };
		D2C00F31136F873F002ADF41 /* ApertureToGallery3.m in Sources */ = {isa = PBXBuildFile; fileRef = D2C00F30136F873F002ADF41 /* ApertureToGallery3.m */; };
		D2C00F33136F88F1002ADF41 /* PluginManager.framework in Frameworks */ = {isa = PBXBuildFile; fileRef = D2C00F32136F88F1002ADF41 /* PluginManager.framework */; };
		D2C00F39136F8CB3002ADF41 /* ApertureToGallery3.xib in Resources */ = {isa = PBXBuildFile; fileRef = D2C00F38136F8CB3002ADF41 /* ApertureToGallery3.xib */; };
		D2CD374813896FDB0034543F /* AddPhotoQueueItem.m in Sources */ = {isa = PBXBuildFile; fileRef = D2C00F19136F870B002ADF41 /* AddPhotoQueueItem.m */; };
		D2CD374913896FDB0034543F /* GalleryAlbum.m in Sources */ = {isa = PBXBuildFile; fileRef = D2C00F1B136F870B002ADF41 /* GalleryAlbum.m */; };
		D2CD374A13896FDB0034543F /* GalleryConnection.m in Sources */ = {isa = PBXBuildFile; fileRef = D2C00F1D136F870B002ADF41 /* GalleryConnection.m */; };
		D2CD374B13896FDB0034543F /* GalleryInfo.m in Sources */ = {isa = PBXBuildFile; fileRef = D2C00F21136F870B002ADF41 /* GalleryInfo.m */; };
		D2CD374C13896FDB0034543F /* RestfulGallery.m in Sources */ = {isa = PBXBuildFile; fileRef = D2C00F23136F870B002ADF41 /* RestfulGallery.m */; };
		D2CD374E13896FEC0034543F /* NSObject+JSON.m in Sources */ = {isa = PBXBuildFile; fileRef = D2C00EFE136F86E9002ADF41 /* NSObject+JSON.m */; };
		D2CD374F13896FEC0034543F /* SBJsonParser.m in Sources */ = {isa = PBXBuildFile; fileRef = D2C00F00136F86E9002ADF41 /* SBJsonParser.m */; };
		D2CD375013896FEC0034543F /* SBJsonStreamParser.m in Sources */ = {isa = PBXBuildFile; fileRef = D2C00F02136F86E9002ADF41 /* SBJsonStreamParser.m */; };
		D2CD375113896FEC0034543F /* SBJsonStreamParserAdapter.m in Sources */ = {isa = PBXBuildFile; fileRef = D2C00F04136F86E9002ADF41 /* SBJsonStreamParserAdapter.m */; };
		D2CD375213896FEC0034543F /* SBJsonStreamParserState.m in Sources */ = {isa = PBXBuildFile; fileRef = D2C00F06136F86E9002ADF41 /* SBJsonStreamParserState.m */; };
		D2CD375313896FEC0034543F /* SBJsonStreamWriter.m in Sources */ = {isa = PBXBuildFile; fileRef = D2C00F08136F86E9002ADF41 /* SBJsonStreamWriter.m */; };
		D2CD375413896FEC0034543F /* SBJsonStreamWriterState.m in Sources */ = {isa = PBXBuildFile; fileRef = D2C00F0A136F86E9002ADF41 /* SBJsonStreamWriterState.m */; };
		D2CD375513896FEC0034543F /* SBJsonTokeniser.m in Sources */ = {isa = PBXBuildFile; fileRef = D2C00F0C136F86E9002ADF41 /* SBJsonTokeniser.m */; };
		D2CD375613896FEC0034543F /* SBJsonWriter.m in Sources */ = {isa = PBXBuildFile; fileRef = D2C00F0E136F86E9002ADF41 /* SBJsonWriter.m */; };
		D2D00ED413856512006E199E /* Cocoa.framework in Frameworks */ = {isa = PBXBuildFile; fileRef = D2C00EE9136F864D002ADF41 /* Cocoa.framework */; };
		D2D00EDA13856513006E199E /* InfoPlist.strings in Resources */ = {isa = PBXBuildFile; fileRef = D2D00ED813856513006E199E /* InfoPlist.strings */; };
		D2D00EEC13856805006E199E /* iPhotoToGallery3.m in Sources */ = {isa = PBXBuildFile; fileRef = D2D00EEB13856805006E199E /* iPhotoToGallery3.m */; };
		D2D00EEF138568BF006E199E /* iPhotoToGallery3ExportBox.m in Sources */ = {isa = PBXBuildFile; fileRef = D2D00EEE138568BF006E199E /* iPhotoToGallery3ExportBox.m */; };
		D2D1C623138621CE00662456 /* iPhotoToGallery3.xib in Resources */ = {isa = PBXBuildFile; fileRef = D2D1C622138621CE00662456 /* iPhotoToGallery3.xib */; };
		D2D4AA6613A3ED39007F3A53 /* Quartz.framework in Frameworks */ = {isa = PBXBuildFile; fileRef = D2D4AA6413A3ED1B007F3A53 /* Quartz.framework */; };
		D2D4AA6713A3ED43007F3A53 /* Quartz.framework in Frameworks */ = {isa = PBXBuildFile; fileRef = D2D4AA6413A3ED1B007F3A53 /* Quartz.framework */; };
		D2D4AA6813A3F447007F3A53 /* Quartz.framework in Frameworks */ = {isa = PBXBuildFile; fileRef = D2D4AA6413A3ED1B007F3A53 /* Quartz.framework */; };
		D2DA4FFB13A5D37700E429E2 /* Version.m in Sources */ = {isa = PBXBuildFile; fileRef = D2DA4FFA13A5D37700E429E2 /* Version.m */; };
		D2DA4FFC13A5D37700E429E2 /* Version.m in Sources */ = {isa = PBXBuildFile; fileRef = D2DA4FFA13A5D37700E429E2 /* Version.m */; };
		D2DA4FFD13A5D37700E429E2 /* Version.m in Sources */ = {isa = PBXBuildFile; fileRef = D2DA4FFA13A5D37700E429E2 /* Version.m */; };
/* End PBXBuildFile section */

/* Begin PBXFileReference section */
		D2A08CB913896E8A009659CC /* AppleToGallery3.app */ = {isa = PBXFileReference; explicitFileType = wrapper.application; includeInIndex = 0; path = AppleToGallery3.app; sourceTree = BUILT_PRODUCTS_DIR; };
		D2A08CBE13896E8A009659CC /* AppleToGallery3-Info.plist */ = {isa = PBXFileReference; lastKnownFileType = text.plist.xml; path = "AppleToGallery3-Info.plist"; sourceTree = "<group>"; };
		D2A08CC013896E8A009659CC /* en */ = {isa = PBXFileReference; lastKnownFileType = text.plist.strings; name = en; path = en.lproj/InfoPlist.strings; sourceTree = "<group>"; };
		D2A08CC213896E8A009659CC /* AppleToGallery3-Prefix.pch */ = {isa = PBXFileReference; lastKnownFileType = sourcecode.c.h; path = "AppleToGallery3-Prefix.pch"; sourceTree = "<group>"; };
		D2A08CC313896E8A009659CC /* main.m */ = {isa = PBXFileReference; lastKnownFileType = sourcecode.c.objc; path = main.m; sourceTree = "<group>"; };
		D2A08CC613896E8A009659CC /* en */ = {isa = PBXFileReference; lastKnownFileType = text.rtf; name = en; path = en.lproj/Credits.rtf; sourceTree = "<group>"; };
		D2A08CC813896E8A009659CC /* AppleToGallery3AppDelegate.h */ = {isa = PBXFileReference; lastKnownFileType = sourcecode.c.h; path = AppleToGallery3AppDelegate.h; sourceTree = "<group>"; };
		D2A08CC913896E8A009659CC /* AppleToGallery3AppDelegate.m */ = {isa = PBXFileReference; lastKnownFileType = sourcecode.c.objc; path = AppleToGallery3AppDelegate.m; sourceTree = "<group>"; };
		D2A08CCC13896E8A009659CC /* en */ = {isa = PBXFileReference; lastKnownFileType = file.xib; name = en; path = en.lproj/MainMenu.xib; sourceTree = "<group>"; };
		D2BA095B1388347D006250A8 /* QuickTime.framework */ = {isa = PBXFileReference; lastKnownFileType = wrapper.framework; name = QuickTime.framework; path = /System/Library/Frameworks/QuickTime.framework; sourceTree = "<absolute>"; };
		D2C00EE6136F864D002ADF41 /* ApertureToGallery3.ApertureExport */ = {isa = PBXFileReference; explicitFileType = wrapper.cfbundle; includeInIndex = 0; path = ApertureToGallery3.ApertureExport; sourceTree = BUILT_PRODUCTS_DIR; };
		D2C00EE9136F864D002ADF41 /* Cocoa.framework */ = {isa = PBXFileReference; lastKnownFileType = wrapper.framework; name = Cocoa.framework; path = System/Library/Frameworks/Cocoa.framework; sourceTree = SDKROOT; };
		D2C00EEC136F864D002ADF41 /* AppKit.framework */ = {isa = PBXFileReference; lastKnownFileType = wrapper.framework; name = AppKit.framework; path = System/Library/Frameworks/AppKit.framework; sourceTree = SDKROOT; };
		D2C00EED136F864D002ADF41 /* CoreData.framework */ = {isa = PBXFileReference; lastKnownFileType = wrapper.framework; name = CoreData.framework; path = System/Library/Frameworks/CoreData.framework; sourceTree = SDKROOT; };
		D2C00EEE136F864D002ADF41 /* Foundation.framework */ = {isa = PBXFileReference; lastKnownFileType = wrapper.framework; name = Foundation.framework; path = System/Library/Frameworks/Foundation.framework; sourceTree = SDKROOT; };
		D2C00EF1136F864D002ADF41 /* ApertureToGallery3-Info.plist */ = {isa = PBXFileReference; lastKnownFileType = text.plist.xml; path = "ApertureToGallery3-Info.plist"; sourceTree = "<group>"; };
		D2C00EF3136F864D002ADF41 /* en */ = {isa = PBXFileReference; lastKnownFileType = text.plist.strings; name = en; path = en.lproj/InfoPlist.strings; sourceTree = "<group>"; };
		D2C00EF5136F864D002ADF41 /* ApertureToGallery3-Prefix.pch */ = {isa = PBXFileReference; lastKnownFileType = sourcecode.c.h; path = "ApertureToGallery3-Prefix.pch"; sourceTree = "<group>"; };
		D2C00EFC136F86E9002ADF41 /* JSON.h */ = {isa = PBXFileReference; fileEncoding = 4; lastKnownFileType = sourcecode.c.h; path = JSON.h; sourceTree = "<group>"; };
		D2C00EFD136F86E9002ADF41 /* NSObject+JSON.h */ = {isa = PBXFileReference; fileEncoding = 4; lastKnownFileType = sourcecode.c.h; path = "NSObject+JSON.h"; sourceTree = "<group>"; };
		D2C00EFE136F86E9002ADF41 /* NSObject+JSON.m */ = {isa = PBXFileReference; fileEncoding = 4; lastKnownFileType = sourcecode.c.objc; path = "NSObject+JSON.m"; sourceTree = "<group>"; };
		D2C00EFF136F86E9002ADF41 /* SBJsonParser.h */ = {isa = PBXFileReference; fileEncoding = 4; lastKnownFileType = sourcecode.c.h; path = SBJsonParser.h; sourceTree = "<group>"; };
		D2C00F00136F86E9002ADF41 /* SBJsonParser.m */ = {isa = PBXFileReference; fileEncoding = 4; lastKnownFileType = sourcecode.c.objc; path = SBJsonParser.m; sourceTree = "<group>"; };
		D2C00F01136F86E9002ADF41 /* SBJsonStreamParser.h */ = {isa = PBXFileReference; fileEncoding = 4; lastKnownFileType = sourcecode.c.h; path = SBJsonStreamParser.h; sourceTree = "<group>"; };
		D2C00F02136F86E9002ADF41 /* SBJsonStreamParser.m */ = {isa = PBXFileReference; fileEncoding = 4; lastKnownFileType = sourcecode.c.objc; path = SBJsonStreamParser.m; sourceTree = "<group>"; };
		D2C00F03136F86E9002ADF41 /* SBJsonStreamParserAdapter.h */ = {isa = PBXFileReference; fileEncoding = 4; lastKnownFileType = sourcecode.c.h; path = SBJsonStreamParserAdapter.h; sourceTree = "<group>"; };
		D2C00F04136F86E9002ADF41 /* SBJsonStreamParserAdapter.m */ = {isa = PBXFileReference; fileEncoding = 4; lastKnownFileType = sourcecode.c.objc; path = SBJsonStreamParserAdapter.m; sourceTree = "<group>"; };
		D2C00F05136F86E9002ADF41 /* SBJsonStreamParserState.h */ = {isa = PBXFileReference; fileEncoding = 4; lastKnownFileType = sourcecode.c.h; path = SBJsonStreamParserState.h; sourceTree = "<group>"; };
		D2C00F06136F86E9002ADF41 /* SBJsonStreamParserState.m */ = {isa = PBXFileReference; fileEncoding = 4; lastKnownFileType = sourcecode.c.objc; path = SBJsonStreamParserState.m; sourceTree = "<group>"; };
		D2C00F07136F86E9002ADF41 /* SBJsonStreamWriter.h */ = {isa = PBXFileReference; fileEncoding = 4; lastKnownFileType = sourcecode.c.h; path = SBJsonStreamWriter.h; sourceTree = "<group>"; };
		D2C00F08136F86E9002ADF41 /* SBJsonStreamWriter.m */ = {isa = PBXFileReference; fileEncoding = 4; lastKnownFileType = sourcecode.c.objc; path = SBJsonStreamWriter.m; sourceTree = "<group>"; };
		D2C00F09136F86E9002ADF41 /* SBJsonStreamWriterState.h */ = {isa = PBXFileReference; fileEncoding = 4; lastKnownFileType = sourcecode.c.h; path = SBJsonStreamWriterState.h; sourceTree = "<group>"; };
		D2C00F0A136F86E9002ADF41 /* SBJsonStreamWriterState.m */ = {isa = PBXFileReference; fileEncoding = 4; lastKnownFileType = sourcecode.c.objc; path = SBJsonStreamWriterState.m; sourceTree = "<group>"; };
		D2C00F0B136F86E9002ADF41 /* SBJsonTokeniser.h */ = {isa = PBXFileReference; fileEncoding = 4; lastKnownFileType = sourcecode.c.h; path = SBJsonTokeniser.h; sourceTree = "<group>"; };
		D2C00F0C136F86E9002ADF41 /* SBJsonTokeniser.m */ = {isa = PBXFileReference; fileEncoding = 4; lastKnownFileType = sourcecode.c.objc; path = SBJsonTokeniser.m; sourceTree = "<group>"; };
		D2C00F0D136F86E9002ADF41 /* SBJsonWriter.h */ = {isa = PBXFileReference; fileEncoding = 4; lastKnownFileType = sourcecode.c.h; path = SBJsonWriter.h; sourceTree = "<group>"; };
		D2C00F0E136F86E9002ADF41 /* SBJsonWriter.m */ = {isa = PBXFileReference; fileEncoding = 4; lastKnownFileType = sourcecode.c.objc; path = SBJsonWriter.m; sourceTree = "<group>"; };
		D2C00F18136F870B002ADF41 /* AddPhotoQueueItem.h */ = {isa = PBXFileReference; fileEncoding = 4; lastKnownFileType = sourcecode.c.h; path = AddPhotoQueueItem.h; sourceTree = "<group>"; };
		D2C00F19136F870B002ADF41 /* AddPhotoQueueItem.m */ = {isa = PBXFileReference; fileEncoding = 4; lastKnownFileType = sourcecode.c.objc; path = AddPhotoQueueItem.m; sourceTree = "<group>"; };
		D2C00F1A136F870B002ADF41 /* GalleryAlbum.h */ = {isa = PBXFileReference; fileEncoding = 4; lastKnownFileType = sourcecode.c.h; path = GalleryAlbum.h; sourceTree = "<group>"; };
		D2C00F1B136F870B002ADF41 /* GalleryAlbum.m */ = {isa = PBXFileReference; fileEncoding = 4; lastKnownFileType = sourcecode.c.objc; path = GalleryAlbum.m; sourceTree = "<group>"; };
		D2C00F1C136F870B002ADF41 /* GalleryConnection.h */ = {isa = PBXFileReference; fileEncoding = 4; lastKnownFileType = sourcecode.c.h; path = GalleryConnection.h; sourceTree = "<group>"; };
		D2C00F1D136F870B002ADF41 /* GalleryConnection.m */ = {isa = PBXFileReference; fileEncoding = 4; lastKnownFileType = sourcecode.c.objc; path = GalleryConnection.m; sourceTree = "<group>"; };
		D2C00F20136F870B002ADF41 /* GalleryInfo.h */ = {isa = PBXFileReference; fileEncoding = 4; lastKnownFileType = sourcecode.c.h; path = GalleryInfo.h; sourceTree = "<group>"; };
		D2C00F21136F870B002ADF41 /* GalleryInfo.m */ = {isa = PBXFileReference; fileEncoding = 4; lastKnownFileType = sourcecode.c.objc; path = GalleryInfo.m; sourceTree = "<group>"; };
		D2C00F22136F870B002ADF41 /* RestfulGallery.h */ = {isa = PBXFileReference; fileEncoding = 4; lastKnownFileType = sourcecode.c.h; path = RestfulGallery.h; sourceTree = "<group>"; };
		D2C00F23136F870B002ADF41 /* RestfulGallery.m */ = {isa = PBXFileReference; fileEncoding = 4; lastKnownFileType = sourcecode.c.objc; path = RestfulGallery.m; sourceTree = "<group>"; };
		D2C00F26136F870B002ADF41 /* URLCallDelegate.h */ = {isa = PBXFileReference; fileEncoding = 4; lastKnownFileType = sourcecode.c.h; path = URLCallDelegate.h; sourceTree = "<group>"; };
		D2C00F2F136F873F002ADF41 /* ApertureToGallery3.h */ = {isa = PBXFileReference; fileEncoding = 4; lastKnownFileType = sourcecode.c.h; path = ApertureToGallery3.h; sourceTree = "<group>"; };
		D2C00F30136F873F002ADF41 /* ApertureToGallery3.m */ = {isa = PBXFileReference; fileEncoding = 4; lastKnownFileType = sourcecode.c.objc; path = ApertureToGallery3.m; sourceTree = "<group>"; };
		D2C00F32136F88F1002ADF41 /* PluginManager.framework */ = {isa = PBXFileReference; lastKnownFileType = wrapper.framework; name = PluginManager.framework; path = Library/Frameworks/PluginManager.framework; sourceTree = SDKROOT; };
		D2C00F35136F8BD7002ADF41 /* ApertureExportManager.h */ = {isa = PBXFileReference; fileEncoding = 4; lastKnownFileType = sourcecode.c.h; path = ApertureExportManager.h; sourceTree = "<group>"; };
		D2C00F36136F8BD7002ADF41 /* ApertureExportPlugIn.h */ = {isa = PBXFileReference; fileEncoding = 4; lastKnownFileType = sourcecode.c.h; path = ApertureExportPlugIn.h; sourceTree = "<group>"; };
		D2C00F37136F8BD7002ADF41 /* ApertureSDKCommon.h */ = {isa = PBXFileReference; fileEncoding = 4; lastKnownFileType = sourcecode.c.h; path = ApertureSDKCommon.h; sourceTree = "<group>"; };
		D2C00F38136F8CB3002ADF41 /* ApertureToGallery3.xib */ = {isa = PBXFileReference; fileEncoding = 4; lastKnownFileType = file.xib; path = ApertureToGallery3.xib; sourceTree = SOURCE_ROOT; };
		D2D00ED313856512006E199E /* iPhotoToGallery3.iPhotoExporter */ = {isa = PBXFileReference; explicitFileType = wrapper.cfbundle; includeInIndex = 0; path = iPhotoToGallery3.iPhotoExporter; sourceTree = BUILT_PRODUCTS_DIR; };
		D2D00ED713856513006E199E /* iPhotoToGallery3-Info.plist */ = {isa = PBXFileReference; lastKnownFileType = text.plist.xml; path = "iPhotoToGallery3-Info.plist"; sourceTree = "<group>"; };
		D2D00ED913856513006E199E /* en */ = {isa = PBXFileReference; lastKnownFileType = text.plist.strings; name = en; path = en.lproj/InfoPlist.strings; sourceTree = "<group>"; };
		D2D00EDB13856513006E199E /* iPhotoToGallery3-Prefix.pch */ = {isa = PBXFileReference; lastKnownFileType = sourcecode.c.h; path = "iPhotoToGallery3-Prefix.pch"; sourceTree = "<group>"; };
		D2D00EEA13856805006E199E /* iPhotoToGallery3.h */ = {isa = PBXFileReference; fileEncoding = 4; lastKnownFileType = sourcecode.c.h; path = iPhotoToGallery3.h; sourceTree = "<group>"; };
		D2D00EEB13856805006E199E /* iPhotoToGallery3.m */ = {isa = PBXFileReference; fileEncoding = 4; lastKnownFileType = sourcecode.c.objc; path = iPhotoToGallery3.m; sourceTree = "<group>"; };
		D2D00EED138568BF006E199E /* iPhotoToGallery3ExportBox.h */ = {isa = PBXFileReference; fileEncoding = 4; lastKnownFileType = sourcecode.c.h; path = iPhotoToGallery3ExportBox.h; sourceTree = "<group>"; };
		D2D00EEE138568BF006E199E /* iPhotoToGallery3ExportBox.m */ = {isa = PBXFileReference; fileEncoding = 4; lastKnownFileType = sourcecode.c.objc; path = iPhotoToGallery3ExportBox.m; sourceTree = "<group>"; };
		D2D00EF013856B94006E199E /* ExportImageProtocol.h */ = {isa = PBXFileReference; fileEncoding = 4; lastKnownFileType = sourcecode.c.h; name = ExportImageProtocol.h; path = ../../../Desktop/Interface/ExportImageProtocol.h; sourceTree = "<group>"; };
		D2D00EF113856B94006E199E /* ExportPluginBoxProtocol.h */ = {isa = PBXFileReference; fileEncoding = 4; lastKnownFileType = sourcecode.c.h; name = ExportPluginBoxProtocol.h; path = ../../../Desktop/Interface/ExportPluginBoxProtocol.h; sourceTree = "<group>"; };
		D2D00EF213856B94006E199E /* ExportPluginProtocol.h */ = {isa = PBXFileReference; fileEncoding = 4; lastKnownFileType = sourcecode.c.h; name = ExportPluginProtocol.h; path = ../../../Desktop/Interface/ExportPluginProtocol.h; sourceTree = "<group>"; };
		D2D1C622138621CE00662456 /* iPhotoToGallery3.xib */ = {isa = PBXFileReference; fileEncoding = 4; lastKnownFileType = file.xib; path = iPhotoToGallery3.xib; sourceTree = "<group>"; };
		D2D4AA6413A3ED1B007F3A53 /* Quartz.framework */ = {isa = PBXFileReference; lastKnownFileType = wrapper.framework; name = Quartz.framework; path = System/Library/Frameworks/Quartz.framework; sourceTree = SDKROOT; };
		D2DA4FF913A5D37700E429E2 /* Version.h */ = {isa = PBXFileReference; fileEncoding = 4; lastKnownFileType = sourcecode.c.h; path = Version.h; sourceTree = "<group>"; };
		D2DA4FFA13A5D37700E429E2 /* Version.m */ = {isa = PBXFileReference; fileEncoding = 4; lastKnownFileType = sourcecode.c.objc; path = Version.m; sourceTree = "<group>"; };
/* End PBXFileReference section */

/* Begin PBXFrameworksBuildPhase section */
		D2A08CB613896E8A009659CC /* Frameworks */ = {
			isa = PBXFrameworksBuildPhase;
			buildActionMask = 2147483647;
			files = (
				D2A08CBB13896E8A009659CC /* Cocoa.framework in Frameworks */,
				D2D4AA6713A3ED43007F3A53 /* Quartz.framework in Frameworks */,
			);
			runOnlyForDeploymentPostprocessing = 0;
		};
		D2C00EE3136F864D002ADF41 /* Frameworks */ = {
			isa = PBXFrameworksBuildPhase;
			buildActionMask = 2147483647;
			files = (
				D2C00F33136F88F1002ADF41 /* PluginManager.framework in Frameworks */,
				D2C00EEA136F864D002ADF41 /* Cocoa.framework in Frameworks */,
				D2D4AA6813A3F447007F3A53 /* Quartz.framework in Frameworks */,
			);
			runOnlyForDeploymentPostprocessing = 0;
		};
		D2D00ED013856512006E199E /* Frameworks */ = {
			isa = PBXFrameworksBuildPhase;
			buildActionMask = 2147483647;
			files = (
				D2BA095C1388347D006250A8 /* QuickTime.framework in Frameworks */,
				D2D00ED413856512006E199E /* Cocoa.framework in Frameworks */,
				D2D4AA6613A3ED39007F3A53 /* Quartz.framework in Frameworks */,
			);
			runOnlyForDeploymentPostprocessing = 0;
		};
/* End PBXFrameworksBuildPhase section */

/* Begin PBXGroup section */
		D2A08CBC13896E8A009659CC /* AppleToGallery3 */ = {
			isa = PBXGroup;
			children = (
				D2A08CC813896E8A009659CC /* AppleToGallery3AppDelegate.h */,
				D2A08CC913896E8A009659CC /* AppleToGallery3AppDelegate.m */,
				D2A08CCB13896E8A009659CC /* MainMenu.xib */,
				D2A08CBD13896E8A009659CC /* Supporting Files */,
			);
			path = AppleToGallery3;
			sourceTree = "<group>";
		};
		D2A08CBD13896E8A009659CC /* Supporting Files */ = {
			isa = PBXGroup;
			children = (
				D2A08CBE13896E8A009659CC /* AppleToGallery3-Info.plist */,
				D2A08CBF13896E8A009659CC /* InfoPlist.strings */,
				D2A08CC213896E8A009659CC /* AppleToGallery3-Prefix.pch */,
				D2A08CC313896E8A009659CC /* main.m */,
				D2A08CC513896E8A009659CC /* Credits.rtf */,
			);
			name = "Supporting Files";
			sourceTree = "<group>";
		};
		D2C00EDB136F864D002ADF41 = {
			isa = PBXGroup;
			children = (
				D2C00F2E136F8710002ADF41 /* Restful Gallery */,
				D2C00EFB136F86E9002ADF41 /* JSON */,
				D2C00EEF136F864D002ADF41 /* ApertureToGallery3 */,
				D2D00ED513856512006E199E /* iPhotoToGallery3 */,
				D2A08CBC13896E8A009659CC /* AppleToGallery3 */,
				D2C00EE8136F864D002ADF41 /* Frameworks */,
				D2C00EE7136F864D002ADF41 /* Products */,
			);
			sourceTree = "<group>";
		};
		D2C00EE7136F864D002ADF41 /* Products */ = {
			isa = PBXGroup;
			children = (
				D2C00EE6136F864D002ADF41 /* ApertureToGallery3.ApertureExport */,
				D2D00ED313856512006E199E /* iPhotoToGallery3.iPhotoExporter */,
				D2A08CB913896E8A009659CC /* AppleToGallery3.app */,
			);
			name = Products;
			sourceTree = "<group>";
		};
		D2C00EE8136F864D002ADF41 /* Frameworks */ = {
			isa = PBXGroup;
			children = (
				D2D4AA6413A3ED1B007F3A53 /* Quartz.framework */,
				D2BA095B1388347D006250A8 /* QuickTime.framework */,
				D2C00F32136F88F1002ADF41 /* PluginManager.framework */,
				D2C00EE9136F864D002ADF41 /* Cocoa.framework */,
				D2C00EEB136F864D002ADF41 /* Other Frameworks */,
			);
			name = Frameworks;
			sourceTree = "<group>";
		};
		D2C00EEB136F864D002ADF41 /* Other Frameworks */ = {
			isa = PBXGroup;
			children = (
				D2C00EEC136F864D002ADF41 /* AppKit.framework */,
				D2C00EED136F864D002ADF41 /* CoreData.framework */,
				D2C00EEE136F864D002ADF41 /* Foundation.framework */,
			);
			name = "Other Frameworks";
			sourceTree = "<group>";
		};
		D2C00EEF136F864D002ADF41 /* ApertureToGallery3 */ = {
			isa = PBXGroup;
			children = (
				D2C00F34136F8BD7002ADF41 /* ApertureHeaders */,
				D2C00F2F136F873F002ADF41 /* ApertureToGallery3.h */,
				D2C00F30136F873F002ADF41 /* ApertureToGallery3.m */,
				D2C00F38136F8CB3002ADF41 /* ApertureToGallery3.xib */,
				D2C00EF0136F864D002ADF41 /* Supporting Files */,
			);
			path = ApertureToGallery3;
			sourceTree = "<group>";
		};
		D2C00EF0136F864D002ADF41 /* Supporting Files */ = {
			isa = PBXGroup;
			children = (
				D2C00EF1136F864D002ADF41 /* ApertureToGallery3-Info.plist */,
				D2C00EF2136F864D002ADF41 /* InfoPlist.strings */,
				D2C00EF5136F864D002ADF41 /* ApertureToGallery3-Prefix.pch */,
			);
			name = "Supporting Files";
			sourceTree = "<group>";
		};
		D2C00EFB136F86E9002ADF41 /* JSON */ = {
			isa = PBXGroup;
			children = (
				D2C00EFC136F86E9002ADF41 /* JSON.h */,
				D2C00EFD136F86E9002ADF41 /* NSObject+JSON.h */,
				D2C00EFE136F86E9002ADF41 /* NSObject+JSON.m */,
				D2C00EFF136F86E9002ADF41 /* SBJsonParser.h */,
				D2C00F00136F86E9002ADF41 /* SBJsonParser.m */,
				D2C00F01136F86E9002ADF41 /* SBJsonStreamParser.h */,
				D2C00F02136F86E9002ADF41 /* SBJsonStreamParser.m */,
				D2C00F03136F86E9002ADF41 /* SBJsonStreamParserAdapter.h */,
				D2C00F04136F86E9002ADF41 /* SBJsonStreamParserAdapter.m */,
				D2C00F05136F86E9002ADF41 /* SBJsonStreamParserState.h */,
				D2C00F06136F86E9002ADF41 /* SBJsonStreamParserState.m */,
				D2C00F07136F86E9002ADF41 /* SBJsonStreamWriter.h */,
				D2C00F08136F86E9002ADF41 /* SBJsonStreamWriter.m */,
				D2C00F09136F86E9002ADF41 /* SBJsonStreamWriterState.h */,
				D2C00F0A136F86E9002ADF41 /* SBJsonStreamWriterState.m */,
				D2C00F0B136F86E9002ADF41 /* SBJsonTokeniser.h */,
				D2C00F0C136F86E9002ADF41 /* SBJsonTokeniser.m */,
				D2C00F0D136F86E9002ADF41 /* SBJsonWriter.h */,
				D2C00F0E136F86E9002ADF41 /* SBJsonWriter.m */,
			);
			name = JSON;
			path = ApertureToGallery3/JSON;
			sourceTree = "<group>";
		};
		D2C00F2E136F8710002ADF41 /* Restful Gallery */ = {
			isa = PBXGroup;
			children = (
				D2C00F26136F870B002ADF41 /* URLCallDelegate.h */,
				D2C00F18136F870B002ADF41 /* AddPhotoQueueItem.h */,
				D2C00F19136F870B002ADF41 /* AddPhotoQueueItem.m */,
				D2C00F1A136F870B002ADF41 /* GalleryAlbum.h */,
				D2C00F1B136F870B002ADF41 /* GalleryAlbum.m */,
				D2C00F1C136F870B002ADF41 /* GalleryConnection.h */,
				D2C00F1D136F870B002ADF41 /* GalleryConnection.m */,
				D2C00F20136F870B002ADF41 /* GalleryInfo.h */,
				D2C00F21136F870B002ADF41 /* GalleryInfo.m */,
				D2C00F22136F870B002ADF41 /* RestfulGallery.h */,
				D2C00F23136F870B002ADF41 /* RestfulGallery.m */,
				D2DA4FF913A5D37700E429E2 /* Version.h */,
				D2DA4FFA13A5D37700E429E2 /* Version.m */,
			);
			name = "Restful Gallery";
			path = ApertureToGallery3;
			sourceTree = "<group>";
		};
		D2C00F34136F8BD7002ADF41 /* ApertureHeaders */ = {
			isa = PBXGroup;
			children = (
				D2C00F35136F8BD7002ADF41 /* ApertureExportManager.h */,
				D2C00F36136F8BD7002ADF41 /* ApertureExportPlugIn.h */,
				D2C00F37136F8BD7002ADF41 /* ApertureSDKCommon.h */,
			);
			name = ApertureHeaders;
			path = ../../ApertureExportTemplate/ApertureHeaders;
			sourceTree = "<group>";
		};
		D2D00ED513856512006E199E /* iPhotoToGallery3 */ = {
			isa = PBXGroup;
			children = (
				D2D00EEA13856805006E199E /* iPhotoToGallery3.h */,
				D2D00EEB13856805006E199E /* iPhotoToGallery3.m */,
				D2D00EED138568BF006E199E /* iPhotoToGallery3ExportBox.h */,
				D2D00EEE138568BF006E199E /* iPhotoToGallery3ExportBox.m */,
				D2D1C622138621CE00662456 /* iPhotoToGallery3.xib */,
				D2D00ED613856513006E199E /* Supporting Files */,
				D2D00EE913856791006E199E /* iPhotoHeaders */,
			);
			path = iPhotoToGallery3;
			sourceTree = "<group>";
		};
		D2D00ED613856513006E199E /* Supporting Files */ = {
			isa = PBXGroup;
			children = (
				D2D00ED713856513006E199E /* iPhotoToGallery3-Info.plist */,
				D2D00ED813856513006E199E /* InfoPlist.strings */,
				D2D00EDB13856513006E199E /* iPhotoToGallery3-Prefix.pch */,
			);
			name = "Supporting Files";
			sourceTree = "<group>";
		};
		D2D00EE913856791006E199E /* iPhotoHeaders */ = {
			isa = PBXGroup;
			children = (
				D2D00EF013856B94006E199E /* ExportImageProtocol.h */,
				D2D00EF113856B94006E199E /* ExportPluginBoxProtocol.h */,
				D2D00EF213856B94006E199E /* ExportPluginProtocol.h */,
			);
			name = iPhotoHeaders;
			sourceTree = "<group>";
		};
/* End PBXGroup section */

/* Begin PBXNativeTarget section */
		D2A08CB813896E8A009659CC /* AppleToGallery3 */ = {
			isa = PBXNativeTarget;
			buildConfigurationList = D2A08CD013896E8A009659CC /* Build configuration list for PBXNativeTarget "AppleToGallery3" */;
			buildPhases = (
				D2A08CB513896E8A009659CC /* Sources */,
				D2A08CB613896E8A009659CC /* Frameworks */,
				D2A08CB713896E8A009659CC /* Resources */,
			);
			buildRules = (
			);
			dependencies = (
			);
			name = AppleToGallery3;
			productName = AppleToGallery3;
			productReference = D2A08CB913896E8A009659CC /* AppleToGallery3.app */;
			productType = "com.apple.product-type.application";
		};
		D2C00EE5136F864D002ADF41 /* ApertureToGallery3 */ = {
			isa = PBXNativeTarget;
			buildConfigurationList = D2C00EF8136F864D002ADF41 /* Build configuration list for PBXNativeTarget "ApertureToGallery3" */;
			buildPhases = (
				D2C00EE2136F864D002ADF41 /* Sources */,
				D2C00EE3136F864D002ADF41 /* Frameworks */,
				D2C00EE4136F864D002ADF41 /* Resources */,
			);
			buildRules = (
			);
			dependencies = (
			);
			name = ApertureToGallery3;
			productName = ApertureToGallery3;
			productReference = D2C00EE6136F864D002ADF41 /* ApertureToGallery3.ApertureExport */;
			productType = "com.apple.product-type.bundle";
		};
		D2D00ED213856512006E199E /* iPhotoToGallery3 */ = {
			isa = PBXNativeTarget;
			buildConfigurationList = D2D00EDE13856513006E199E /* Build configuration list for PBXNativeTarget "iPhotoToGallery3" */;
			buildPhases = (
				D2D00ECF13856512006E199E /* Sources */,
				D2D00ED013856512006E199E /* Frameworks */,
				D2D00ED113856512006E199E /* Resources */,
			);
			buildRules = (
			);
			dependencies = (
			);
			name = iPhotoToGallery3;
			productName = iPhotoToGallery3;
			productReference = D2D00ED313856512006E199E /* iPhotoToGallery3.iPhotoExporter */;
			productType = "com.apple.product-type.bundle";
		};
/* End PBXNativeTarget section */

/* Begin PBXProject section */
		D2C00EDD136F864D002ADF41 /* Project object */ = {
			isa = PBXProject;
			buildConfigurationList = D2C00EE0136F864D002ADF41 /* Build configuration list for PBXProject "ApertureToGallery3" */;
			compatibilityVersion = "Xcode 3.2";
			developmentRegion = English;
			hasScannedForEncodings = 0;
			knownRegions = (
				en,
			);
			mainGroup = D2C00EDB136F864D002ADF41;
			productRefGroup = D2C00EE7136F864D002ADF41 /* Products */;
			projectDirPath = "";
			projectRoot = "";
			targets = (
				D2C00EE5136F864D002ADF41 /* ApertureToGallery3 */,
				D2D00ED213856512006E199E /* iPhotoToGallery3 */,
				D2A08CB813896E8A009659CC /* AppleToGallery3 */,
			);
		};
/* End PBXProject section */

/* Begin PBXResourcesBuildPhase section */
		D2A08CB713896E8A009659CC /* Resources */ = {
			isa = PBXResourcesBuildPhase;
			buildActionMask = 2147483647;
			files = (
				D2A08CC113896E8A009659CC /* InfoPlist.strings in Resources */,
				D2A08CC713896E8A009659CC /* Credits.rtf in Resources */,
				D2A08CCD13896E8A009659CC /* MainMenu.xib in Resources */,
			);
			runOnlyForDeploymentPostprocessing = 0;
		};
		D2C00EE4136F864D002ADF41 /* Resources */ = {
			isa = PBXResourcesBuildPhase;
			buildActionMask = 2147483647;
			files = (
				D2C00EF4136F864D002ADF41 /* InfoPlist.strings in Resources */,
				D2C00F39136F8CB3002ADF41 /* ApertureToGallery3.xib in Resources */,
			);
			runOnlyForDeploymentPostprocessing = 0;
		};
		D2D00ED113856512006E199E /* Resources */ = {
			isa = PBXResourcesBuildPhase;
			buildActionMask = 2147483647;
			files = (
				D2D00EDA13856513006E199E /* InfoPlist.strings in Resources */,
				D2D1C623138621CE00662456 /* iPhotoToGallery3.xib in Resources */,
			);
			runOnlyForDeploymentPostprocessing = 0;
		};
/* End PBXResourcesBuildPhase section */

/* Begin PBXSourcesBuildPhase section */
		D2A08CB513896E8A009659CC /* Sources */ = {
			isa = PBXSourcesBuildPhase;
			buildActionMask = 2147483647;
			files = (
				D2A08CC413896E8A009659CC /* main.m in Sources */,
				D2A08CCA13896E8A009659CC /* AppleToGallery3AppDelegate.m in Sources */,
				D2CD374813896FDB0034543F /* AddPhotoQueueItem.m in Sources */,
				D2CD374913896FDB0034543F /* GalleryAlbum.m in Sources */,
				D2CD374A13896FDB0034543F /* GalleryConnection.m in Sources */,
				D2CD374B13896FDB0034543F /* GalleryInfo.m in Sources */,
				D2CD374C13896FDB0034543F /* RestfulGallery.m in Sources */,
				D2CD374E13896FEC0034543F /* NSObject+JSON.m in Sources */,
				D2CD374F13896FEC0034543F /* SBJsonParser.m in Sources */,
				D2CD375013896FEC0034543F /* SBJsonStreamParser.m in Sources */,
				D2CD375113896FEC0034543F /* SBJsonStreamParserAdapter.m in Sources */,
				D2CD375213896FEC0034543F /* SBJsonStreamParserState.m in Sources */,
				D2CD375313896FEC0034543F /* SBJsonStreamWriter.m in Sources */,
				D2CD375413896FEC0034543F /* SBJsonStreamWriterState.m in Sources */,
				D2CD375513896FEC0034543F /* SBJsonTokeniser.m in Sources */,
				D2CD375613896FEC0034543F /* SBJsonWriter.m in Sources */,
				D2DA4FFD13A5D37700E429E2 /* Version.m in Sources */,
			);
			runOnlyForDeploymentPostprocessing = 0;
		};
		D2C00EE2136F864D002ADF41 /* Sources */ = {
			isa = PBXSourcesBuildPhase;
			buildActionMask = 2147483647;
			files = (
				D2C00F0F136F86E9002ADF41 /* NSObject+JSON.m in Sources */,
				D2C00F10136F86E9002ADF41 /* SBJsonParser.m in Sources */,
				D2C00F11136F86E9002ADF41 /* SBJsonStreamParser.m in Sources */,
				D2C00F12136F86E9002ADF41 /* SBJsonStreamParserAdapter.m in Sources */,
				D2C00F13136F86E9002ADF41 /* SBJsonStreamParserState.m in Sources */,
				D2C00F14136F86E9002ADF41 /* SBJsonStreamWriter.m in Sources */,
				D2C00F15136F86E9002ADF41 /* SBJsonStreamWriterState.m in Sources */,
				D2C00F16136F86E9002ADF41 /* SBJsonTokeniser.m in Sources */,
				D2C00F17136F86E9002ADF41 /* SBJsonWriter.m in Sources */,
				D2C00F27136F870B002ADF41 /* AddPhotoQueueItem.m in Sources */,
				D2C00F28136F870B002ADF41 /* GalleryAlbum.m in Sources */,
				D2C00F29136F870B002ADF41 /* GalleryConnection.m in Sources */,
				D2C00F2B136F870B002ADF41 /* GalleryInfo.m in Sources */,
				D2C00F2C136F870B002ADF41 /* RestfulGallery.m in Sources */,
				D2C00F31136F873F002ADF41 /* ApertureToGallery3.m in Sources */,
				D2DA4FFB13A5D37700E429E2 /* Version.m in Sources */,
			);
			runOnlyForDeploymentPostprocessing = 0;
		};
		D2D00ECF13856512006E199E /* Sources */ = {
			isa = PBXSourcesBuildPhase;
			buildActionMask = 2147483647;
			files = (
				D2D00EEC13856805006E199E /* iPhotoToGallery3.m in Sources */,
				D2D00EEF138568BF006E199E /* iPhotoToGallery3ExportBox.m in Sources */,
				D2BA094C13879456006250A8 /* AddPhotoQueueItem.m in Sources */,
				D2BA094D13879456006250A8 /* GalleryAlbum.m in Sources */,
				D2BA094E13879456006250A8 /* GalleryConnection.m in Sources */,
				D2BA094F13879456006250A8 /* GalleryInfo.m in Sources */,
				D2BA095013879456006250A8 /* RestfulGallery.m in Sources */,
				D2BA095213879463006250A8 /* NSObject+JSON.m in Sources */,
				D2BA095313879463006250A8 /* SBJsonParser.m in Sources */,
				D2BA095413879463006250A8 /* SBJsonStreamParser.m in Sources */,
				D2BA095513879463006250A8 /* SBJsonStreamParserAdapter.m in Sources */,
				D2BA095613879463006250A8 /* SBJsonStreamParserState.m in Sources */,
				D2BA095713879463006250A8 /* SBJsonStreamWriter.m in Sources */,
				D2BA095813879463006250A8 /* SBJsonStreamWriterState.m in Sources */,
				D2BA095913879463006250A8 /* SBJsonTokeniser.m in Sources */,
				D2BA095A13879463006250A8 /* SBJsonWriter.m in Sources */,
				D2DA4FFC13A5D37700E429E2 /* Version.m in Sources */,
			);
			runOnlyForDeploymentPostprocessing = 0;
		};
/* End PBXSourcesBuildPhase section */

/* Begin PBXVariantGroup section */
		D2A08CBF13896E8A009659CC /* InfoPlist.strings */ = {
			isa = PBXVariantGroup;
			children = (
				D2A08CC013896E8A009659CC /* en */,
			);
			name = InfoPlist.strings;
			sourceTree = "<group>";
		};
		D2A08CC513896E8A009659CC /* Credits.rtf */ = {
			isa = PBXVariantGroup;
			children = (
				D2A08CC613896E8A009659CC /* en */,
			);
			name = Credits.rtf;
			sourceTree = "<group>";
		};
		D2A08CCB13896E8A009659CC /* MainMenu.xib */ = {
			isa = PBXVariantGroup;
			children = (
				D2A08CCC13896E8A009659CC /* en */,
			);
			name = MainMenu.xib;
			sourceTree = "<group>";
		};
		D2C00EF2136F864D002ADF41 /* InfoPlist.strings */ = {
			isa = PBXVariantGroup;
			children = (
				D2C00EF3136F864D002ADF41 /* en */,
			);
			name = InfoPlist.strings;
			sourceTree = "<group>";
		};
		D2D00ED813856513006E199E /* InfoPlist.strings */ = {
			isa = PBXVariantGroup;
			children = (
				D2D00ED913856513006E199E /* en */,
			);
			name = InfoPlist.strings;
			sourceTree = "<group>";
		};
/* End PBXVariantGroup section */

/* Begin XCBuildConfiguration section */
		D2A08CCE13896E8A009659CC /* Debug */ = {
			isa = XCBuildConfiguration;
			buildSettings = {
				ALWAYS_SEARCH_USER_PATHS = NO;
				ARCHS = "$(ARCHS_STANDARD_32_64_BIT)";
				COPY_PHASE_STRIP = NO;
				GCC_DYNAMIC_NO_PIC = NO;
				GCC_ENABLE_OBJC_EXCEPTIONS = YES;
				GCC_PRECOMPILE_PREFIX_HEADER = YES;
				GCC_PREFIX_HEADER = "AppleToGallery3/AppleToGallery3-Prefix.pch";
				INFOPLIST_FILE = "AppleToGallery3/AppleToGallery3-Info.plist";
				MACOSX_DEPLOYMENT_TARGET = 10.6;
				PRODUCT_NAME = "$(TARGET_NAME)";
				WRAPPER_EXTENSION = app;
			};
			name = Debug;
		};
		D2A08CCF13896E8A009659CC /* Release */ = {
			isa = XCBuildConfiguration;
			buildSettings = {
				ALWAYS_SEARCH_USER_PATHS = NO;
				ARCHS = "$(ARCHS_STANDARD_32_64_BIT)";
				COPY_PHASE_STRIP = YES;
				DEBUG_INFORMATION_FORMAT = "dwarf-with-dsym";
				GCC_ENABLE_OBJC_EXCEPTIONS = YES;
				GCC_PRECOMPILE_PREFIX_HEADER = YES;
				GCC_PREFIX_HEADER = "AppleToGallery3/AppleToGallery3-Prefix.pch";
				INFOPLIST_FILE = "AppleToGallery3/AppleToGallery3-Info.plist";
				MACOSX_DEPLOYMENT_TARGET = 10.6;
				PRODUCT_NAME = "$(TARGET_NAME)";
				WRAPPER_EXTENSION = app;
			};
			name = Release;
		};
		D2C00EF6136F864D002ADF41 /* Debug */ = {
			isa = XCBuildConfiguration;
			buildSettings = {
				ARCHS = "$(NATIVE_ARCH_ACTUAL)";
				DEPLOYMENT_LOCATION = YES;
				DSTROOT = /;
				GCC_C_LANGUAGE_STANDARD = gnu99;
				GCC_OPTIMIZATION_LEVEL = 0;
				GCC_PREPROCESSOR_DEFINITIONS = DEBUG;
				GCC_SYMBOLS_PRIVATE_EXTERN = NO;
				GCC_VERSION = com.apple.compilers.llvm.clang.1_0;
				GCC_WARN_64_TO_32_BIT_CONVERSION = YES;
				GCC_WARN_ABOUT_RETURN_TYPE = YES;
				GCC_WARN_UNUSED_VARIABLE = YES;
				MACOSX_DEPLOYMENT_TARGET = "";
				ONLY_ACTIVE_ARCH = YES;
				SDKROOT = macosx;
			};
			name = Debug;
		};
		D2C00EF7136F864D002ADF41 /* Release */ = {
			isa = XCBuildConfiguration;
			buildSettings = {
				ARCHS = "$(NATIVE_ARCH_ACTUAL)";
				DEPLOYMENT_LOCATION = YES;
				DSTROOT = /;
				GCC_C_LANGUAGE_STANDARD = gnu99;
				GCC_VERSION = com.apple.compilers.llvm.clang.1_0;
				GCC_WARN_64_TO_32_BIT_CONVERSION = YES;
				GCC_WARN_ABOUT_RETURN_TYPE = YES;
				GCC_WARN_UNUSED_VARIABLE = YES;
				MACOSX_DEPLOYMENT_TARGET = "";
				SDKROOT = macosx;
			};
			name = Release;
		};
		D2C00EF9136F864D002ADF41 /* Debug */ = {
			isa = XCBuildConfiguration;
			buildSettings = {
				ALWAYS_SEARCH_USER_PATHS = NO;
				ARCHS = "$(ARCHS_STANDARD_64_BIT)";
				COPY_PHASE_STRIP = NO;
				GCC_DYNAMIC_NO_PIC = NO;
				GCC_ENABLE_OBJC_EXCEPTIONS = YES;
				GCC_PRECOMPILE_PREFIX_HEADER = YES;
				GCC_PREFIX_HEADER = "ApertureToGallery3/ApertureToGallery3-Prefix.pch";
				INFOPLIST_FILE = "ApertureToGallery3/ApertureToGallery3-Info.plist";
				INSTALL_PATH = "$(HOME)/Library/Application Support/Aperture/Plug-Ins/Export/";
				PRODUCT_NAME = "$(TARGET_NAME)";
				VALID_ARCHS = x86_64;
				WRAPPER_EXTENSION = ApertureExport;
			};
			name = Debug;
		};
		D2C00EFA136F864D002ADF41 /* Release */ = {
			isa = XCBuildConfiguration;
			buildSettings = {
				ALWAYS_SEARCH_USER_PATHS = NO;
				ARCHS = "$(ARCHS_STANDARD_64_BIT)";
				COPY_PHASE_STRIP = YES;
				DEBUG_INFORMATION_FORMAT = "dwarf-with-dsym";
				GCC_ENABLE_OBJC_EXCEPTIONS = YES;
				GCC_PRECOMPILE_PREFIX_HEADER = YES;
				GCC_PREFIX_HEADER = "ApertureToGallery3/ApertureToGallery3-Prefix.pch";
				INFOPLIST_FILE = "ApertureToGallery3/ApertureToGallery3-Info.plist";
				INSTALL_PATH = "$(HOME)/Library/Application Support/Aperture/Plug-Ins/Export/";
				PRODUCT_NAME = "$(TARGET_NAME)";
				VALID_ARCHS = x86_64;
				WRAPPER_EXTENSION = ApertureExport;
			};
			name = Release;
		};
		D2D00EDC13856513006E199E /* Debug */ = {
			isa = XCBuildConfiguration;
			buildSettings = {
				ALWAYS_SEARCH_USER_PATHS = NO;
				ARCHS = "$(ARCHS_STANDARD_32_BIT)";
				COPY_PHASE_STRIP = NO;
				GCC_DYNAMIC_NO_PIC = NO;
				GCC_ENABLE_OBJC_EXCEPTIONS = YES;
				GCC_PRECOMPILE_PREFIX_HEADER = YES;
				GCC_PREFIX_HEADER = "iPhotoToGallery3/iPhotoToGallery3-Prefix.pch";
				GCC_VERSION = com.apple.compilers.llvm.clang.1_0;
				INFOPLIST_FILE = "iPhotoToGallery3/iPhotoToGallery3-Info.plist";
				INSTALL_PATH = "$(HOME)/Library/Application Support/iPhoto/Plugins";
				MACOSX_DEPLOYMENT_TARGET = "";
				PRODUCT_NAME = "$(TARGET_NAME)";
				SDKROOT = macosx;
				VALID_ARCHS = i386;
				WRAPPER_EXTENSION = iPhotoExporter;
			};
			name = Debug;
		};
		D2D00EDD13856513006E199E /* Release */ = {
			isa = XCBuildConfiguration;
			buildSettings = {
				ALWAYS_SEARCH_USER_PATHS = NO;
				ARCHS = "$(ARCHS_STANDARD_32_BIT)";
				COPY_PHASE_STRIP = YES;
				DEBUG_INFORMATION_FORMAT = "dwarf-with-dsym";
				GCC_ENABLE_OBJC_EXCEPTIONS = YES;
				GCC_PRECOMPILE_PREFIX_HEADER = YES;
				GCC_PREFIX_HEADER = "iPhotoToGallery3/iPhotoToGallery3-Prefix.pch";
				GCC_VERSION = com.apple.compilers.llvm.clang.1_0;
				INFOPLIST_FILE = "iPhotoToGallery3/iPhotoToGallery3-Info.plist";
				INSTALL_PATH = "$(HOME)/Library/Application Support/iPhoto/Plugins";
				MACOSX_DEPLOYMENT_TARGET = "";
				PRODUCT_NAME = "$(TARGET_NAME)";
				SDKROOT = macosx;
				VALID_ARCHS = i386;
				WRAPPER_EXTENSION = iPhotoExporter;
			};
			name = Release;
		};
/* End XCBuildConfiguration section */

/* Begin XCConfigurationList section */
		D2A08CD013896E8A009659CC /* Build configuration list for PBXNativeTarget "AppleToGallery3" */ = {
			isa = XCConfigurationList;
			buildConfigurations = (
				D2A08CCE13896E8A009659CC /* Debug */,
				D2A08CCF13896E8A009659CC /* Release */,
			);
			defaultConfigurationIsVisible = 0;
			defaultConfigurationName = Release;
		};
		D2C00EE0136F864D002ADF41 /* Build configuration list for PBXProject "ApertureToGallery3" */ = {
			isa = XCConfigurationList;
			buildConfigurations = (
				D2C00EF6136F864D002ADF41 /* Debug */,
				D2C00EF7136F864D002ADF41 /* Release */,
			);
			defaultConfigurationIsVisible = 0;
			defaultConfigurationName = Release;
		};
		D2C00EF8136F864D002ADF41 /* Build configuration list for PBXNativeTarget "ApertureToGallery3" */ = {
			isa = XCConfigurationList;
			buildConfigurations = (
				D2C00EF9136F864D002ADF41 /* Debug */,
				D2C00EFA136F864D002ADF41 /* Release */,
			);
			defaultConfigurationIsVisible = 0;
			defaultConfigurationName = Release;
		};
		D2D00EDE13856513006E199E /* Build configuration list for PBXNativeTarget "iPhotoToGallery3" */ = {
			isa = XCConfigurationList;
			buildConfigurations = (
				D2D00EDC13856513006E199E /* Debug */,
				D2D00EDD13856513006E199E /* Release */,
			);
			defaultConfigurationIsVisible = 0;
			defaultConfigurationName = Release;
		};
/* End XCConfigurationList section */
	};
	rootObject = D2C00EDD136F864D002ADF41 /* Project object */;
}
